
Microsoft Visual Studio Solution File, Format Version 12.00
# Visual Studio Express 2013 for Windows Desktop
VisualStudioVersion = 12.0.30723.0
MinimumVisualStudioVersion = 10.0.40219.1
Project("{FAE04EC0-301F-11D3-BF4B-00C04F79EFBC}") = "1", "1.\1.csproj", "{1141EB9F-22F7-45C8-8005-C7D3DDF0CE79}"
EndProject
Project("{FAE04EC0-301F-11D3-BF4B-00C04F79EFBC}") = "1.DecatCoding", "1.DecatCoding\1.DecatCoding.csproj", "{B8FA3AD3-2ED5-4B1D-9AFB-33E64231856F}"
EndProject
Project("{FAE04EC0-301F-11D3-BF4B-00C04F79EFBC}") = "2.IncreasingAbsoluteDifference", "2.IncreasingAbsoluteDifference\2.IncreasingAbsoluteDifference.csproj", "{5DF498B3-CDA5-4EA5-A53D-76B9E5163341}"
EndProject
Global
	GlobalSection(SolutionConfigurationPlatforms) = preSolution
		Debug|Any CPU = Debug|Any CPU
		Release|Any CPU = Release|Any CPU
	EndGlobalSection
	GlobalSection(ProjectConfigurationPlatforms) = postSolution
		{1141EB9F-22F7-45C8-8005-C7D3DDF0CE79}.Debug|Any CPU.ActiveCfg = Debug|Any CPU
		{1141EB9F-22F7-45C8-8005-C7D3DDF0CE79}.Debug|Any CPU.Build.0 = Debug|Any CPU
		{1141EB9F-22F7-45C8-8005-C7D3DDF0CE79}.Release|Any CPU.ActiveCfg = Release|Any CPU
		{1141EB9F-22F7-45C8-8005-C7D3DDF0CE79}.Release|Any CPU.Build.0 = Release|Any CPU
		{B8FA3AD3-2ED5-4B1D-9AFB-33E64231856F}.Debug|Any CPU.ActiveCfg = Debug|Any CPU
		{B8FA3AD3-2ED5-4B1D-9AFB-33E64231856F}.Debug|Any CPU.Build.0 = Debug|Any CPU
		{B8FA3AD3-2ED5-4B1D-9AFB-33E64231856F}.Release|Any CPU.ActiveCfg = Release|Any CPU
		{B8FA3AD3-2ED5-4B1D-9AFB-33E64231856F}.Release|Any CPU.Build.0 = Release|Any CPU
		{5DF498B3-CDA5-4EA5-A53D-76B9E5163341}.Debug|Any CPU.ActiveCfg = Debug|Any CPU
		{5DF498B3-CDA5-4EA5-A53D-76B9E5163341}.Debug|Any CPU.Build.0 = Debug|Any CPU
		{5DF498B3-CDA5-4EA5-A53D-76B9E5163341}.Release|Any CPU.ActiveCfg = Release|Any CPU
		{5DF498B3-CDA5-4EA5-A53D-76B9E5163341}.Release|Any CPU.Build.0 = Release|Any CPU
	EndGlobalSection
	GlobalSection(SolutionProperties) = preSolution
		HideSolutionNode = FALSE
	EndGlobalSection
EndGlobal
