
Microsoft Visual Studio Solution File, Format Version 12.00
# Visual Studio Express 2013 for Windows Desktop
VisualStudioVersion = 12.0.30723.0
MinimumVisualStudioVersion = 10.0.40219.1
Project("{FAE04EC0-301F-11D3-BF4B-00C04F79EFBC}") = "1.TRES4Numbers", "1.TRES4Numbers\1.TRES4Numbers.csproj", "{788C7657-3C11-4A0C-868E-2A825A34EF12}"
EndProject
Project("{FAE04EC0-301F-11D3-BF4B-00C04F79EFBC}") = "2.BunnyFactor", "2.BunnyFactor\2.BunnyFactor.csproj", "{90F6F36A-C5CF-4F14-8C9C-7B36E57AD7D1}"
EndProject
Project("{FAE04EC0-301F-11D3-BF4B-00C04F79EFBC}") = "3.Patterns", "3.Patterns\3.Patterns.csproj", "{7980BF7C-6258-4D86-95C3-0419F8BF1AC1}"
EndProject
Project("{FAE04EC0-301F-11D3-BF4B-00C04F79EFBC}") = "4.VariableLenghtCoding", "4.VariableLenghtCoding\4.VariableLenghtCoding.csproj", "{1BF36D61-D5AC-4CA6-A206-B8E6C63716AA}"
EndProject
Project("{FAE04EC0-301F-11D3-BF4B-00C04F79EFBC}") = "5.HelpDoge", "5.HelpDoge\5.HelpDoge.csproj", "{D94CB5A6-3B85-49C1-8270-8B38498F4A6D}"
EndProject
Global
	GlobalSection(SolutionConfigurationPlatforms) = preSolution
		Debug|Any CPU = Debug|Any CPU
		Release|Any CPU = Release|Any CPU
	EndGlobalSection
	GlobalSection(ProjectConfigurationPlatforms) = postSolution
		{788C7657-3C11-4A0C-868E-2A825A34EF12}.Debug|Any CPU.ActiveCfg = Debug|Any CPU
		{788C7657-3C11-4A0C-868E-2A825A34EF12}.Debug|Any CPU.Build.0 = Debug|Any CPU
		{788C7657-3C11-4A0C-868E-2A825A34EF12}.Release|Any CPU.ActiveCfg = Release|Any CPU
		{788C7657-3C11-4A0C-868E-2A825A34EF12}.Release|Any CPU.Build.0 = Release|Any CPU
		{90F6F36A-C5CF-4F14-8C9C-7B36E57AD7D1}.Debug|Any CPU.ActiveCfg = Debug|Any CPU
		{90F6F36A-C5CF-4F14-8C9C-7B36E57AD7D1}.Debug|Any CPU.Build.0 = Debug|Any CPU
		{90F6F36A-C5CF-4F14-8C9C-7B36E57AD7D1}.Release|Any CPU.ActiveCfg = Release|Any CPU
		{90F6F36A-C5CF-4F14-8C9C-7B36E57AD7D1}.Release|Any CPU.Build.0 = Release|Any CPU
		{7980BF7C-6258-4D86-95C3-0419F8BF1AC1}.Debug|Any CPU.ActiveCfg = Debug|Any CPU
		{7980BF7C-6258-4D86-95C3-0419F8BF1AC1}.Debug|Any CPU.Build.0 = Debug|Any CPU
		{7980BF7C-6258-4D86-95C3-0419F8BF1AC1}.Release|Any CPU.ActiveCfg = Release|Any CPU
		{7980BF7C-6258-4D86-95C3-0419F8BF1AC1}.Release|Any CPU.Build.0 = Release|Any CPU
		{1BF36D61-D5AC-4CA6-A206-B8E6C63716AA}.Debug|Any CPU.ActiveCfg = Debug|Any CPU
		{1BF36D61-D5AC-4CA6-A206-B8E6C63716AA}.Debug|Any CPU.Build.0 = Debug|Any CPU
		{1BF36D61-D5AC-4CA6-A206-B8E6C63716AA}.Release|Any CPU.ActiveCfg = Release|Any CPU
		{1BF36D61-D5AC-4CA6-A206-B8E6C63716AA}.Release|Any CPU.Build.0 = Release|Any CPU
		{D94CB5A6-3B85-49C1-8270-8B38498F4A6D}.Debug|Any CPU.ActiveCfg = Debug|Any CPU
		{D94CB5A6-3B85-49C1-8270-8B38498F4A6D}.Debug|Any CPU.Build.0 = Debug|Any CPU
		{D94CB5A6-3B85-49C1-8270-8B38498F4A6D}.Release|Any CPU.ActiveCfg = Release|Any CPU
		{D94CB5A6-3B85-49C1-8270-8B38498F4A6D}.Release|Any CPU.Build.0 = Release|Any CPU
	EndGlobalSection
	GlobalSection(SolutionProperties) = preSolution
		HideSolutionNode = FALSE
	EndGlobalSection
EndGlobal
