
Microsoft Visual Studio Solution File, Format Version 12.00
# Visual Studio Express 2013 for Windows Desktop
VisualStudioVersion = 12.0.30723.0
MinimumVisualStudioVersion = 10.0.40219.1
Project("{FAE04EC0-301F-11D3-BF4B-00C04F79EFBC}") = "01.SayHello", "01.SayHello\01.SayHello.csproj", "{711F02D1-6E42-4E1E-8CDF-A0BE9352E724}"
EndProject
Project("{FAE04EC0-301F-11D3-BF4B-00C04F79EFBC}") = "02.GetLargestNumber", "02.GetLargestNumber\02.GetLargestNumber.csproj", "{BC7C20E7-93AC-409A-B1AE-F6D07E1454EA}"
EndProject
Project("{FAE04EC0-301F-11D3-BF4B-00C04F79EFBC}") = "03.EnglishDigit", "03.EnglishDigit\03.EnglishDigit.csproj", "{218A7A41-AD8F-4F8E-8847-2D9021BE40FA}"
EndProject
Project("{FAE04EC0-301F-11D3-BF4B-00C04F79EFBC}") = "04.AppearanceCount", "04.AppearanceCount\04.AppearanceCount.csproj", "{759B704B-21C7-4552-A4C1-AD4DFF5A9D0D}"
EndProject
Project("{FAE04EC0-301F-11D3-BF4B-00C04F79EFBC}") = "05.LargerThanNeighbours", "05.LargerThanNeighbours\05.LargerThanNeighbours.csproj", "{97DABAEE-6C3C-4380-9317-AB2313F70D65}"
EndProject
Project("{FAE04EC0-301F-11D3-BF4B-00C04F79EFBC}") = "06.FirstLargerThanNeighbours", "06.FirstLargerThanNeighbours\06.FirstLargerThanNeighbours.csproj", "{AF86A667-E9EC-441B-B3CF-466F021D003D}"
EndProject
Project("{FAE04EC0-301F-11D3-BF4B-00C04F79EFBC}") = "07.ReverseNumber", "07.ReverseNumber\07.ReverseNumber.csproj", "{F19C8347-0CCF-4759-A3B3-B1561920921F}"
EndProject
Project("{FAE04EC0-301F-11D3-BF4B-00C04F79EFBC}") = "08.NumberAsArray", "08.NumberAsArray\08.NumberAsArray.csproj", "{42CEFF41-4314-48B7-8449-2E447CA2C694}"
EndProject
Project("{FAE04EC0-301F-11D3-BF4B-00C04F79EFBC}") = "09.SortingArray", "09.SortingArray\09.SortingArray.csproj", "{9BCE84BC-42B0-45B1-9824-7DC1D9BBADDC}"
EndProject
Project("{FAE04EC0-301F-11D3-BF4B-00C04F79EFBC}") = "10.NFactorial", "10.NFactorial\10.NFactorial.csproj", "{3F97AE6B-7D46-4A10-8C65-1516EE49554D}"
EndProject
Project("{FAE04EC0-301F-11D3-BF4B-00C04F79EFBC}") = "11.AddingPolynomials", "11.AddingPolinomyals\11.AddingPolynomials.csproj", "{40276A2A-40AB-41DB-A2AC-EC812246BE5D}"
EndProject
Project("{FAE04EC0-301F-11D3-BF4B-00C04F79EFBC}") = "12.SubtractingPolynomials", "12.SubtractingPolynomials\12.SubtractingPolynomials.csproj", "{AE44A4E0-B527-41BE-92F9-D5B96F74ECCF}"
EndProject
Project("{FAE04EC0-301F-11D3-BF4B-00C04F79EFBC}") = "13.SolveTask", "13.SolveTask\13.SolveTask.csproj", "{7B845535-9AFD-4C2E-83F0-2A7728FD0963}"
EndProject
Project("{FAE04EC0-301F-11D3-BF4B-00C04F79EFBC}") = "14.IntegerCalculation", "14.IntegerCalculation\14.IntegerCalculation.csproj", "{324A711B-019F-4E18-B1A5-1D644E564A99}"
EndProject
Project("{FAE04EC0-301F-11D3-BF4B-00C04F79EFBC}") = "15.NumberCalculation", "15.NumberCalculation\15.NumberCalculation.csproj", "{F9813BA6-1C7F-47F7-B40E-86CAFBF654A2}"
EndProject
Global
	GlobalSection(SolutionConfigurationPlatforms) = preSolution
		Debug|Any CPU = Debug|Any CPU
		Release|Any CPU = Release|Any CPU
	EndGlobalSection
	GlobalSection(ProjectConfigurationPlatforms) = postSolution
		{711F02D1-6E42-4E1E-8CDF-A0BE9352E724}.Debug|Any CPU.ActiveCfg = Debug|Any CPU
		{711F02D1-6E42-4E1E-8CDF-A0BE9352E724}.Debug|Any CPU.Build.0 = Debug|Any CPU
		{711F02D1-6E42-4E1E-8CDF-A0BE9352E724}.Release|Any CPU.ActiveCfg = Release|Any CPU
		{711F02D1-6E42-4E1E-8CDF-A0BE9352E724}.Release|Any CPU.Build.0 = Release|Any CPU
		{BC7C20E7-93AC-409A-B1AE-F6D07E1454EA}.Debug|Any CPU.ActiveCfg = Debug|Any CPU
		{BC7C20E7-93AC-409A-B1AE-F6D07E1454EA}.Debug|Any CPU.Build.0 = Debug|Any CPU
		{BC7C20E7-93AC-409A-B1AE-F6D07E1454EA}.Release|Any CPU.ActiveCfg = Release|Any CPU
		{BC7C20E7-93AC-409A-B1AE-F6D07E1454EA}.Release|Any CPU.Build.0 = Release|Any CPU
		{218A7A41-AD8F-4F8E-8847-2D9021BE40FA}.Debug|Any CPU.ActiveCfg = Debug|Any CPU
		{218A7A41-AD8F-4F8E-8847-2D9021BE40FA}.Debug|Any CPU.Build.0 = Debug|Any CPU
		{218A7A41-AD8F-4F8E-8847-2D9021BE40FA}.Release|Any CPU.ActiveCfg = Release|Any CPU
		{218A7A41-AD8F-4F8E-8847-2D9021BE40FA}.Release|Any CPU.Build.0 = Release|Any CPU
		{759B704B-21C7-4552-A4C1-AD4DFF5A9D0D}.Debug|Any CPU.ActiveCfg = Debug|Any CPU
		{759B704B-21C7-4552-A4C1-AD4DFF5A9D0D}.Debug|Any CPU.Build.0 = Debug|Any CPU
		{759B704B-21C7-4552-A4C1-AD4DFF5A9D0D}.Release|Any CPU.ActiveCfg = Release|Any CPU
		{759B704B-21C7-4552-A4C1-AD4DFF5A9D0D}.Release|Any CPU.Build.0 = Release|Any CPU
		{97DABAEE-6C3C-4380-9317-AB2313F70D65}.Debug|Any CPU.ActiveCfg = Debug|Any CPU
		{97DABAEE-6C3C-4380-9317-AB2313F70D65}.Debug|Any CPU.Build.0 = Debug|Any CPU
		{97DABAEE-6C3C-4380-9317-AB2313F70D65}.Release|Any CPU.ActiveCfg = Release|Any CPU
		{97DABAEE-6C3C-4380-9317-AB2313F70D65}.Release|Any CPU.Build.0 = Release|Any CPU
		{AF86A667-E9EC-441B-B3CF-466F021D003D}.Debug|Any CPU.ActiveCfg = Debug|Any CPU
		{AF86A667-E9EC-441B-B3CF-466F021D003D}.Debug|Any CPU.Build.0 = Debug|Any CPU
		{AF86A667-E9EC-441B-B3CF-466F021D003D}.Release|Any CPU.ActiveCfg = Release|Any CPU
		{AF86A667-E9EC-441B-B3CF-466F021D003D}.Release|Any CPU.Build.0 = Release|Any CPU
		{F19C8347-0CCF-4759-A3B3-B1561920921F}.Debug|Any CPU.ActiveCfg = Debug|Any CPU
		{F19C8347-0CCF-4759-A3B3-B1561920921F}.Debug|Any CPU.Build.0 = Debug|Any CPU
		{F19C8347-0CCF-4759-A3B3-B1561920921F}.Release|Any CPU.ActiveCfg = Release|Any CPU
		{F19C8347-0CCF-4759-A3B3-B1561920921F}.Release|Any CPU.Build.0 = Release|Any CPU
		{42CEFF41-4314-48B7-8449-2E447CA2C694}.Debug|Any CPU.ActiveCfg = Debug|Any CPU
		{42CEFF41-4314-48B7-8449-2E447CA2C694}.Debug|Any CPU.Build.0 = Debug|Any CPU
		{42CEFF41-4314-48B7-8449-2E447CA2C694}.Release|Any CPU.ActiveCfg = Release|Any CPU
		{42CEFF41-4314-48B7-8449-2E447CA2C694}.Release|Any CPU.Build.0 = Release|Any CPU
		{9BCE84BC-42B0-45B1-9824-7DC1D9BBADDC}.Debug|Any CPU.ActiveCfg = Debug|Any CPU
		{9BCE84BC-42B0-45B1-9824-7DC1D9BBADDC}.Debug|Any CPU.Build.0 = Debug|Any CPU
		{9BCE84BC-42B0-45B1-9824-7DC1D9BBADDC}.Release|Any CPU.ActiveCfg = Release|Any CPU
		{9BCE84BC-42B0-45B1-9824-7DC1D9BBADDC}.Release|Any CPU.Build.0 = Release|Any CPU
		{3F97AE6B-7D46-4A10-8C65-1516EE49554D}.Debug|Any CPU.ActiveCfg = Debug|Any CPU
		{3F97AE6B-7D46-4A10-8C65-1516EE49554D}.Debug|Any CPU.Build.0 = Debug|Any CPU
		{3F97AE6B-7D46-4A10-8C65-1516EE49554D}.Release|Any CPU.ActiveCfg = Release|Any CPU
		{3F97AE6B-7D46-4A10-8C65-1516EE49554D}.Release|Any CPU.Build.0 = Release|Any CPU
		{40276A2A-40AB-41DB-A2AC-EC812246BE5D}.Debug|Any CPU.ActiveCfg = Debug|Any CPU
		{40276A2A-40AB-41DB-A2AC-EC812246BE5D}.Debug|Any CPU.Build.0 = Debug|Any CPU
		{40276A2A-40AB-41DB-A2AC-EC812246BE5D}.Release|Any CPU.ActiveCfg = Release|Any CPU
		{40276A2A-40AB-41DB-A2AC-EC812246BE5D}.Release|Any CPU.Build.0 = Release|Any CPU
		{AE44A4E0-B527-41BE-92F9-D5B96F74ECCF}.Debug|Any CPU.ActiveCfg = Debug|Any CPU
		{AE44A4E0-B527-41BE-92F9-D5B96F74ECCF}.Debug|Any CPU.Build.0 = Debug|Any CPU
		{AE44A4E0-B527-41BE-92F9-D5B96F74ECCF}.Release|Any CPU.ActiveCfg = Release|Any CPU
		{AE44A4E0-B527-41BE-92F9-D5B96F74ECCF}.Release|Any CPU.Build.0 = Release|Any CPU
		{7B845535-9AFD-4C2E-83F0-2A7728FD0963}.Debug|Any CPU.ActiveCfg = Debug|Any CPU
		{7B845535-9AFD-4C2E-83F0-2A7728FD0963}.Debug|Any CPU.Build.0 = Debug|Any CPU
		{7B845535-9AFD-4C2E-83F0-2A7728FD0963}.Release|Any CPU.ActiveCfg = Release|Any CPU
		{7B845535-9AFD-4C2E-83F0-2A7728FD0963}.Release|Any CPU.Build.0 = Release|Any CPU
		{324A711B-019F-4E18-B1A5-1D644E564A99}.Debug|Any CPU.ActiveCfg = Debug|Any CPU
		{324A711B-019F-4E18-B1A5-1D644E564A99}.Debug|Any CPU.Build.0 = Debug|Any CPU
		{324A711B-019F-4E18-B1A5-1D644E564A99}.Release|Any CPU.ActiveCfg = Release|Any CPU
		{324A711B-019F-4E18-B1A5-1D644E564A99}.Release|Any CPU.Build.0 = Release|Any CPU
		{F9813BA6-1C7F-47F7-B40E-86CAFBF654A2}.Debug|Any CPU.ActiveCfg = Debug|Any CPU
		{F9813BA6-1C7F-47F7-B40E-86CAFBF654A2}.Debug|Any CPU.Build.0 = Debug|Any CPU
		{F9813BA6-1C7F-47F7-B40E-86CAFBF654A2}.Release|Any CPU.ActiveCfg = Release|Any CPU
		{F9813BA6-1C7F-47F7-B40E-86CAFBF654A2}.Release|Any CPU.Build.0 = Release|Any CPU
	EndGlobalSection
	GlobalSection(SolutionProperties) = preSolution
		HideSolutionNode = FALSE
	EndGlobalSection
EndGlobal
