
Microsoft Visual Studio Solution File, Format Version 12.00
# Visual Studio Express 2013 for Windows Desktop
VisualStudioVersion = 12.0.30723.0
MinimumVisualStudioVersion = 10.0.40219.1
Project("{FAE04EC0-301F-11D3-BF4B-00C04F79EFBC}") = "1.9gagNumbers", "1.9gagNumbers\1.9gagNumbers.csproj", "{BADCB0DA-465D-4ACB-80DD-F2FDEA0D014E}"
EndProject
Project("{FAE04EC0-301F-11D3-BF4B-00C04F79EFBC}") = "2.SpecialValue", "2.SpecialValue\2.SpecialValue.csproj", "{37A1B554-17B3-4D56-84C3-D72ECF930A4D}"
EndProject
Project("{FAE04EC0-301F-11D3-BF4B-00C04F79EFBC}") = "3.KukataIsDancing", "3.KukataIsDancing\3.KukataIsDancing.csproj", "{BFA3ED0A-0402-42FD-939F-3CAB61D5B4CE}"
EndProject
Project("{FAE04EC0-301F-11D3-BF4B-00C04F79EFBC}") = "4.FTML", "4.FTML\4.FTML.csproj", "{06EF33CE-977D-44A9-A7C0-637FF46ADBA1}"
EndProject
Project("{FAE04EC0-301F-11D3-BF4B-00C04F79EFBC}") = "5.ThreeInOne", "5.ThreeInOne\5.ThreeInOne.csproj", "{50DC8E58-05B1-4AA9-B580-4A9F87C52256}"
EndProject
Global
	GlobalSection(SolutionConfigurationPlatforms) = preSolution
		Debug|Any CPU = Debug|Any CPU
		Release|Any CPU = Release|Any CPU
	EndGlobalSection
	GlobalSection(ProjectConfigurationPlatforms) = postSolution
		{BADCB0DA-465D-4ACB-80DD-F2FDEA0D014E}.Debug|Any CPU.ActiveCfg = Debug|Any CPU
		{BADCB0DA-465D-4ACB-80DD-F2FDEA0D014E}.Debug|Any CPU.Build.0 = Debug|Any CPU
		{BADCB0DA-465D-4ACB-80DD-F2FDEA0D014E}.Release|Any CPU.ActiveCfg = Release|Any CPU
		{BADCB0DA-465D-4ACB-80DD-F2FDEA0D014E}.Release|Any CPU.Build.0 = Release|Any CPU
		{37A1B554-17B3-4D56-84C3-D72ECF930A4D}.Debug|Any CPU.ActiveCfg = Debug|Any CPU
		{37A1B554-17B3-4D56-84C3-D72ECF930A4D}.Debug|Any CPU.Build.0 = Debug|Any CPU
		{37A1B554-17B3-4D56-84C3-D72ECF930A4D}.Release|Any CPU.ActiveCfg = Release|Any CPU
		{37A1B554-17B3-4D56-84C3-D72ECF930A4D}.Release|Any CPU.Build.0 = Release|Any CPU
		{BFA3ED0A-0402-42FD-939F-3CAB61D5B4CE}.Debug|Any CPU.ActiveCfg = Debug|Any CPU
		{BFA3ED0A-0402-42FD-939F-3CAB61D5B4CE}.Debug|Any CPU.Build.0 = Debug|Any CPU
		{BFA3ED0A-0402-42FD-939F-3CAB61D5B4CE}.Release|Any CPU.ActiveCfg = Release|Any CPU
		{BFA3ED0A-0402-42FD-939F-3CAB61D5B4CE}.Release|Any CPU.Build.0 = Release|Any CPU
		{06EF33CE-977D-44A9-A7C0-637FF46ADBA1}.Debug|Any CPU.ActiveCfg = Debug|Any CPU
		{06EF33CE-977D-44A9-A7C0-637FF46ADBA1}.Debug|Any CPU.Build.0 = Debug|Any CPU
		{06EF33CE-977D-44A9-A7C0-637FF46ADBA1}.Release|Any CPU.ActiveCfg = Release|Any CPU
		{06EF33CE-977D-44A9-A7C0-637FF46ADBA1}.Release|Any CPU.Build.0 = Release|Any CPU
		{50DC8E58-05B1-4AA9-B580-4A9F87C52256}.Debug|Any CPU.ActiveCfg = Debug|Any CPU
		{50DC8E58-05B1-4AA9-B580-4A9F87C52256}.Debug|Any CPU.Build.0 = Debug|Any CPU
		{50DC8E58-05B1-4AA9-B580-4A9F87C52256}.Release|Any CPU.ActiveCfg = Release|Any CPU
		{50DC8E58-05B1-4AA9-B580-4A9F87C52256}.Release|Any CPU.Build.0 = Release|Any CPU
	EndGlobalSection
	GlobalSection(SolutionProperties) = preSolution
		HideSolutionNode = FALSE
	EndGlobalSection
EndGlobal
