
Microsoft Visual Studio Solution File, Format Version 12.00
# Visual Studio Express 2013 for Windows Desktop
VisualStudioVersion = 12.0.30723.0
MinimumVisualStudioVersion = 10.0.40219.1
Project("{FAE04EC0-301F-11D3-BF4B-00C04F79EFBC}") = "2.TwoGirlsOnePath", "2.TwoGirlsOnePath\2.TwoGirlsOnePath.csproj", "{8901CED5-E541-4959-99F8-1316FCE11900}"
EndProject
Project("{FAE04EC0-301F-11D3-BF4B-00C04F79EFBC}") = "1.StrangeLandNumbers", "1.StrangeLandNumbers\1.StrangeLandNumbers.csproj", "{E90831E0-2C67-4D8A-9F43-34F741392278}"
EndProject
Project("{FAE04EC0-301F-11D3-BF4B-00C04F79EFBC}") = "3.Digits", "3.Digits\3.Digits.csproj", "{B606DDD3-D660-4B47-958E-18DD8E21E2AD}"
EndProject
Project("{FAE04EC0-301F-11D3-BF4B-00C04F79EFBC}") = "4.RelevanceIndex", "4.RelevanceIndex\4.RelevanceIndex.csproj", "{67021B2D-54B2-42B3-B181-5F0D755FB057}"
EndProject
Project("{FAE04EC0-301F-11D3-BF4B-00C04F79EFBC}") = "5.DogeCoins", "5.DogeCoins\5.DogeCoins.csproj", "{E2D2AEE6-4E70-40E8-8EDA-6CB59F20871B}"
EndProject
Global
	GlobalSection(SolutionConfigurationPlatforms) = preSolution
		Debug|Any CPU = Debug|Any CPU
		Release|Any CPU = Release|Any CPU
	EndGlobalSection
	GlobalSection(ProjectConfigurationPlatforms) = postSolution
		{8901CED5-E541-4959-99F8-1316FCE11900}.Debug|Any CPU.ActiveCfg = Debug|Any CPU
		{8901CED5-E541-4959-99F8-1316FCE11900}.Debug|Any CPU.Build.0 = Debug|Any CPU
		{8901CED5-E541-4959-99F8-1316FCE11900}.Release|Any CPU.ActiveCfg = Release|Any CPU
		{8901CED5-E541-4959-99F8-1316FCE11900}.Release|Any CPU.Build.0 = Release|Any CPU
		{E90831E0-2C67-4D8A-9F43-34F741392278}.Debug|Any CPU.ActiveCfg = Debug|Any CPU
		{E90831E0-2C67-4D8A-9F43-34F741392278}.Debug|Any CPU.Build.0 = Debug|Any CPU
		{E90831E0-2C67-4D8A-9F43-34F741392278}.Release|Any CPU.ActiveCfg = Release|Any CPU
		{E90831E0-2C67-4D8A-9F43-34F741392278}.Release|Any CPU.Build.0 = Release|Any CPU
		{B606DDD3-D660-4B47-958E-18DD8E21E2AD}.Debug|Any CPU.ActiveCfg = Debug|Any CPU
		{B606DDD3-D660-4B47-958E-18DD8E21E2AD}.Debug|Any CPU.Build.0 = Debug|Any CPU
		{B606DDD3-D660-4B47-958E-18DD8E21E2AD}.Release|Any CPU.ActiveCfg = Release|Any CPU
		{B606DDD3-D660-4B47-958E-18DD8E21E2AD}.Release|Any CPU.Build.0 = Release|Any CPU
		{67021B2D-54B2-42B3-B181-5F0D755FB057}.Debug|Any CPU.ActiveCfg = Debug|Any CPU
		{67021B2D-54B2-42B3-B181-5F0D755FB057}.Debug|Any CPU.Build.0 = Debug|Any CPU
		{67021B2D-54B2-42B3-B181-5F0D755FB057}.Release|Any CPU.ActiveCfg = Release|Any CPU
		{67021B2D-54B2-42B3-B181-5F0D755FB057}.Release|Any CPU.Build.0 = Release|Any CPU
		{E2D2AEE6-4E70-40E8-8EDA-6CB59F20871B}.Debug|Any CPU.ActiveCfg = Debug|Any CPU
		{E2D2AEE6-4E70-40E8-8EDA-6CB59F20871B}.Debug|Any CPU.Build.0 = Debug|Any CPU
		{E2D2AEE6-4E70-40E8-8EDA-6CB59F20871B}.Release|Any CPU.ActiveCfg = Release|Any CPU
		{E2D2AEE6-4E70-40E8-8EDA-6CB59F20871B}.Release|Any CPU.Build.0 = Release|Any CPU
	EndGlobalSection
	GlobalSection(SolutionProperties) = preSolution
		HideSolutionNode = FALSE
	EndGlobalSection
EndGlobal
